
Microsoft Visual Studio Solution File, Format Version 12.00
# Visual Studio Version 17
VisualStudioVersion = 17.13.35919.96 d17.13
MinimumVisualStudioVersion = 10.0.40219.1
Project("{FAE04EC0-301F-11D3-BF4B-00C04F79EFBC}") = "WellnessCheck.API", "WellnessCheck.API\WellnessCheck.API.csproj", "{3B11008B-F9E7-4DD2-9C98-31C63DFD9647}"
EndProject
Global
	GlobalSection(SolutionConfigurationPlatforms) = preSolution
		Debug|Any CPU = Debug|Any CPU
		Release|Any CPU = Release|Any CPU
	EndGlobalSection
	GlobalSection(ProjectConfigurationPlatforms) = postSolution
		{3B11008B-F9E7-4DD2-9C98-31C63DFD9647}.Debug|Any CPU.ActiveCfg = Debug|Any CPU
		{3B11008B-F9E7-4DD2-9C98-31C63DFD9647}.Debug|Any CPU.Build.0 = Debug|Any CPU
		{3B11008B-F9E7-4DD2-9C98-31C63DFD9647}.Release|Any CPU.ActiveCfg = Release|Any CPU
		{3B11008B-F9E7-4DD2-9C98-31C63DFD9647}.Release|Any CPU.Build.0 = Release|Any CPU
	EndGlobalSection
	GlobalSection(SolutionProperties) = preSolution
		HideSolutionNode = FALSE
	EndGlobalSection
	GlobalSection(ExtensibilityGlobals) = postSolution
		SolutionGuid = {ACC6307B-271E-4B4B-904E-8A48DB4EF5D5}
	EndGlobalSection
EndGlobal
